// !$*UTF8*$!
{
	archiveVersion = 1;
	classes = {
	};
	objectVersion = 56;
	objects = {

/* Begin PBXBuildFile section */
		3FDF5390B8F5783ABA9829C8 /* Pods_ImageSearcher_ReactorKit.framework in Frameworks */ = {isa = PBXBuildFile; fileRef = B141BB95A8D4E99E3624A7FC /* Pods_ImageSearcher_ReactorKit.framework */; };
		C3001D952959619900979875 /* ImageSearcher_ReactorKitTests.swift in Sources */ = {isa = PBXBuildFile; fileRef = C3001D942959619900979875 /* ImageSearcher_ReactorKitTests.swift */; };
		C33B4B0529498F0400E35C6F /* AppDelegate.swift in Sources */ = {isa = PBXBuildFile; fileRef = C33B4B0429498F0400E35C6F /* AppDelegate.swift */; };
		C33B4B0729498F0400E35C6F /* SceneDelegate.swift in Sources */ = {isa = PBXBuildFile; fileRef = C33B4B0629498F0400E35C6F /* SceneDelegate.swift */; };
		C33B4B0E29498F0600E35C6F /* Assets.xcassets in Resources */ = {isa = PBXBuildFile; fileRef = C33B4B0D29498F0600E35C6F /* Assets.xcassets */; };
		C33B4B1129498F0600E35C6F /* LaunchScreen.storyboard in Resources */ = {isa = PBXBuildFile; fileRef = C33B4B0F29498F0600E35C6F /* LaunchScreen.storyboard */; };
		C33B4B222949938C00E35C6F /* ItemViewReactor.swift in Sources */ = {isa = PBXBuildFile; fileRef = C33B4B212949938C00E35C6F /* ItemViewReactor.swift */; };
		C33B4B242949942500E35C6F /* ItemView.swift in Sources */ = {isa = PBXBuildFile; fileRef = C33B4B232949942500E35C6F /* ItemView.swift */; };
		C33B4B262949942D00E35C6F /* ItemViewController.swift in Sources */ = {isa = PBXBuildFile; fileRef = C33B4B252949942D00E35C6F /* ItemViewController.swift */; };
		C33B4B28294999DA00E35C6F /* APIService.swift in Sources */ = {isa = PBXBuildFile; fileRef = C33B4B27294999DA00E35C6F /* APIService.swift */; };
		C33B4B2A29499B4B00E35C6F /* Giphy.swift in Sources */ = {isa = PBXBuildFile; fileRef = C33B4B2929499B4B00E35C6F /* Giphy.swift */; };
		C33B4B2C294AAB9100E35C6F /* InduceView.swift in Sources */ = {isa = PBXBuildFile; fileRef = C33B4B2B294AAB9100E35C6F /* InduceView.swift */; };
		C33B4B2E294AABD800E35C6F /* InduceViewController.swift in Sources */ = {isa = PBXBuildFile; fileRef = C33B4B2D294AABD800E35C6F /* InduceViewController.swift */; };
		C33B4B31294AAC1700E35C6F /* Extension+.swift in Sources */ = {isa = PBXBuildFile; fileRef = C33B4B30294AAC1700E35C6F /* Extension+.swift */; };
		C33B4B33294AAC3700E35C6F /* RelatedQueryViewController.swift in Sources */ = {isa = PBXBuildFile; fileRef = C33B4B32294AAC3700E35C6F /* RelatedQueryViewController.swift */; };
		C33B4B35294AAC8E00E35C6F /* RelatedQueryView.swift in Sources */ = {isa = PBXBuildFile; fileRef = C33B4B34294AAC8E00E35C6F /* RelatedQueryView.swift */; };
		C33B4B38294AAD1E00E35C6F /* RelatedQueryCell.swift in Sources */ = {isa = PBXBuildFile; fileRef = C33B4B37294AAD1E00E35C6F /* RelatedQueryCell.swift */; };
		C33B4B3A294AB0BA00E35C6F /* RelatedQueryReactor.swift in Sources */ = {isa = PBXBuildFile; fileRef = C33B4B39294AB0BA00E35C6F /* RelatedQueryReactor.swift */; };
		C33B4B3D294AFE0400E35C6F /* ItemCell.swift in Sources */ = {isa = PBXBuildFile; fileRef = C33B4B3C294AFE0400E35C6F /* ItemCell.swift */; };
		C33C2CE92951B39D004634F3 /* AppStep.swift in Sources */ = {isa = PBXBuildFile; fileRef = C33C2CE82951B39D004634F3 /* AppStep.swift */; };
		C34E781D2951B78F0008CD63 /* AppStepper.swift in Sources */ = {isa = PBXBuildFile; fileRef = C34E781C2951B78F0008CD63 /* AppStepper.swift */; };
		C34E781F2951B8560008CD63 /* AppFlow.swift in Sources */ = {isa = PBXBuildFile; fileRef = C34E781E2951B8560008CD63 /* AppFlow.swift */; };
		C34E7824295295320008CD63 /* InduceFlow.swift in Sources */ = {isa = PBXBuildFile; fileRef = C34E7823295295320008CD63 /* InduceFlow.swift */; };
		C34E7826295298070008CD63 /* InduceViewReactor.swift in Sources */ = {isa = PBXBuildFile; fileRef = C34E7825295298070008CD63 /* InduceViewReactor.swift */; };
		C34E78292952D2630008CD63 /* RelatedQueryFlow.swift in Sources */ = {isa = PBXBuildFile; fileRef = C34E78282952D2630008CD63 /* RelatedQueryFlow.swift */; };
		C34E782D295420D90008CD63 /* ItemFlow.swift in Sources */ = {isa = PBXBuildFile; fileRef = C34E782C295420D90008CD63 /* ItemFlow.swift */; };
		C3BEAAA12950466C00C351F2 /* DetailViewController.swift in Sources */ = {isa = PBXBuildFile; fileRef = C3BEAAA02950466C00C351F2 /* DetailViewController.swift */; };
		C3BEAAA32950467700C351F2 /* DetailView.swift in Sources */ = {isa = PBXBuildFile; fileRef = C3BEAAA22950467700C351F2 /* DetailView.swift */; };
		C3BEAAA52950467F00C351F2 /* DetailViewReactor.swift in Sources */ = {isa = PBXBuildFile; fileRef = C3BEAAA42950467F00C351F2 /* DetailViewReactor.swift */; };
/* End PBXBuildFile section */

/* Begin PBXContainerItemProxy section */
		C3001D962959619900979875 /* PBXContainerItemProxy */ = {
			isa = PBXContainerItemProxy;
			containerPortal = C33B4AF929498F0400E35C6F /* Project object */;
			proxyType = 1;
			remoteGlobalIDString = C33B4B0029498F0400E35C6F;
			remoteInfo = "ImageSearcher-ReactorKit";
		};
/* End PBXContainerItemProxy section */

/* Begin PBXFileReference section */
		B141BB95A8D4E99E3624A7FC /* Pods_ImageSearcher_ReactorKit.framework */ = {isa = PBXFileReference; explicitFileType = wrapper.framework; includeInIndex = 0; path = Pods_ImageSearcher_ReactorKit.framework; sourceTree = BUILT_PRODUCTS_DIR; };
		C3001D922959619900979875 /* ImageSearcher-ReactorKitTests.xctest */ = {isa = PBXFileReference; explicitFileType = wrapper.cfbundle; includeInIndex = 0; path = "ImageSearcher-ReactorKitTests.xctest"; sourceTree = BUILT_PRODUCTS_DIR; };
		C3001D942959619900979875 /* ImageSearcher_ReactorKitTests.swift */ = {isa = PBXFileReference; lastKnownFileType = sourcecode.swift; path = ImageSearcher_ReactorKitTests.swift; sourceTree = "<group>"; };
		C33B4B0129498F0400E35C6F /* ImageSearcher-ReactorKit.app */ = {isa = PBXFileReference; explicitFileType = wrapper.application; includeInIndex = 0; path = "ImageSearcher-ReactorKit.app"; sourceTree = BUILT_PRODUCTS_DIR; };
		C33B4B0429498F0400E35C6F /* AppDelegate.swift */ = {isa = PBXFileReference; lastKnownFileType = sourcecode.swift; path = AppDelegate.swift; sourceTree = "<group>"; };
		C33B4B0629498F0400E35C6F /* SceneDelegate.swift */ = {isa = PBXFileReference; lastKnownFileType = sourcecode.swift; path = SceneDelegate.swift; sourceTree = "<group>"; };
		C33B4B0D29498F0600E35C6F /* Assets.xcassets */ = {isa = PBXFileReference; lastKnownFileType = folder.assetcatalog; path = Assets.xcassets; sourceTree = "<group>"; };
		C33B4B1029498F0600E35C6F /* Base */ = {isa = PBXFileReference; lastKnownFileType = file.storyboard; name = Base; path = Base.lproj/LaunchScreen.storyboard; sourceTree = "<group>"; };
		C33B4B1229498F0600E35C6F /* Info.plist */ = {isa = PBXFileReference; lastKnownFileType = text.plist.xml; path = Info.plist; sourceTree = "<group>"; };
		C33B4B212949938C00E35C6F /* ItemViewReactor.swift */ = {isa = PBXFileReference; lastKnownFileType = sourcecode.swift; path = ItemViewReactor.swift; sourceTree = "<group>"; };
		C33B4B232949942500E35C6F /* ItemView.swift */ = {isa = PBXFileReference; lastKnownFileType = sourcecode.swift; path = ItemView.swift; sourceTree = "<group>"; };
		C33B4B252949942D00E35C6F /* ItemViewController.swift */ = {isa = PBXFileReference; lastKnownFileType = sourcecode.swift; path = ItemViewController.swift; sourceTree = "<group>"; };
		C33B4B27294999DA00E35C6F /* APIService.swift */ = {isa = PBXFileReference; lastKnownFileType = sourcecode.swift; path = APIService.swift; sourceTree = "<group>"; };
		C33B4B2929499B4B00E35C6F /* Giphy.swift */ = {isa = PBXFileReference; lastKnownFileType = sourcecode.swift; path = Giphy.swift; sourceTree = "<group>"; };
		C33B4B2B294AAB9100E35C6F /* InduceView.swift */ = {isa = PBXFileReference; lastKnownFileType = sourcecode.swift; path = InduceView.swift; sourceTree = "<group>"; };
		C33B4B2D294AABD800E35C6F /* InduceViewController.swift */ = {isa = PBXFileReference; lastKnownFileType = sourcecode.swift; path = InduceViewController.swift; sourceTree = "<group>"; };
		C33B4B30294AAC1700E35C6F /* Extension+.swift */ = {isa = PBXFileReference; lastKnownFileType = sourcecode.swift; path = "Extension+.swift"; sourceTree = "<group>"; };
		C33B4B32294AAC3700E35C6F /* RelatedQueryViewController.swift */ = {isa = PBXFileReference; lastKnownFileType = sourcecode.swift; path = RelatedQueryViewController.swift; sourceTree = "<group>"; };
		C33B4B34294AAC8E00E35C6F /* RelatedQueryView.swift */ = {isa = PBXFileReference; lastKnownFileType = sourcecode.swift; path = RelatedQueryView.swift; sourceTree = "<group>"; };
		C33B4B37294AAD1E00E35C6F /* RelatedQueryCell.swift */ = {isa = PBXFileReference; lastKnownFileType = sourcecode.swift; path = RelatedQueryCell.swift; sourceTree = "<group>"; };
		C33B4B39294AB0BA00E35C6F /* RelatedQueryReactor.swift */ = {isa = PBXFileReference; lastKnownFileType = sourcecode.swift; path = RelatedQueryReactor.swift; sourceTree = "<group>"; };
		C33B4B3C294AFE0400E35C6F /* ItemCell.swift */ = {isa = PBXFileReference; lastKnownFileType = sourcecode.swift; path = ItemCell.swift; sourceTree = "<group>"; };
		C33C2CE82951B39D004634F3 /* AppStep.swift */ = {isa = PBXFileReference; lastKnownFileType = sourcecode.swift; path = AppStep.swift; sourceTree = "<group>"; };
		C34E781C2951B78F0008CD63 /* AppStepper.swift */ = {isa = PBXFileReference; lastKnownFileType = sourcecode.swift; path = AppStepper.swift; sourceTree = "<group>"; };
		C34E781E2951B8560008CD63 /* AppFlow.swift */ = {isa = PBXFileReference; lastKnownFileType = sourcecode.swift; path = AppFlow.swift; sourceTree = "<group>"; };
		C34E7823295295320008CD63 /* InduceFlow.swift */ = {isa = PBXFileReference; lastKnownFileType = sourcecode.swift; path = InduceFlow.swift; sourceTree = "<group>"; };
		C34E7825295298070008CD63 /* InduceViewReactor.swift */ = {isa = PBXFileReference; lastKnownFileType = sourcecode.swift; path = InduceViewReactor.swift; sourceTree = "<group>"; };
		C34E78282952D2630008CD63 /* RelatedQueryFlow.swift */ = {isa = PBXFileReference; lastKnownFileType = sourcecode.swift; path = RelatedQueryFlow.swift; sourceTree = "<group>"; };
		C34E782C295420D90008CD63 /* ItemFlow.swift */ = {isa = PBXFileReference; lastKnownFileType = sourcecode.swift; path = ItemFlow.swift; sourceTree = "<group>"; };
		C3BEAAA02950466C00C351F2 /* DetailViewController.swift */ = {isa = PBXFileReference; lastKnownFileType = sourcecode.swift; path = DetailViewController.swift; sourceTree = "<group>"; };
		C3BEAAA22950467700C351F2 /* DetailView.swift */ = {isa = PBXFileReference; lastKnownFileType = sourcecode.swift; path = DetailView.swift; sourceTree = "<group>"; };
		C3BEAAA42950467F00C351F2 /* DetailViewReactor.swift */ = {isa = PBXFileReference; lastKnownFileType = sourcecode.swift; path = DetailViewReactor.swift; sourceTree = "<group>"; };
		CC5D2D86F85C3538E6E0CE55 /* Pods-ImageSearcher-ReactorKit.debug.xcconfig */ = {isa = PBXFileReference; includeInIndex = 1; lastKnownFileType = text.xcconfig; name = "Pods-ImageSearcher-ReactorKit.debug.xcconfig"; path = "Target Support Files/Pods-ImageSearcher-ReactorKit/Pods-ImageSearcher-ReactorKit.debug.xcconfig"; sourceTree = "<group>"; };
		DED5424C6B1A5A4A29968A6F /* Pods-ImageSearcher-ReactorKit.release.xcconfig */ = {isa = PBXFileReference; includeInIndex = 1; lastKnownFileType = text.xcconfig; name = "Pods-ImageSearcher-ReactorKit.release.xcconfig"; path = "Target Support Files/Pods-ImageSearcher-ReactorKit/Pods-ImageSearcher-ReactorKit.release.xcconfig"; sourceTree = "<group>"; };
/* End PBXFileReference section */

/* Begin PBXFrameworksBuildPhase section */
		C3001D8F2959619900979875 /* Frameworks */ = {
			isa = PBXFrameworksBuildPhase;
			buildActionMask = 2147483647;
			files = (
			);
			runOnlyForDeploymentPostprocessing = 0;
		};
		C33B4AFE29498F0400E35C6F /* Frameworks */ = {
			isa = PBXFrameworksBuildPhase;
			buildActionMask = 2147483647;
			files = (
				3FDF5390B8F5783ABA9829C8 /* Pods_ImageSearcher_ReactorKit.framework in Frameworks */,
			);
			runOnlyForDeploymentPostprocessing = 0;
		};
/* End PBXFrameworksBuildPhase section */

/* Begin PBXGroup section */
		0A3B10D71DB0CE80E147E402 /* Frameworks */ = {
			isa = PBXGroup;
			children = (
				B141BB95A8D4E99E3624A7FC /* Pods_ImageSearcher_ReactorKit.framework */,
			);
			name = Frameworks;
			sourceTree = "<group>";
		};
		BD4E41A2E6B9B2C79E77060C /* Pods */ = {
			isa = PBXGroup;
			children = (
				CC5D2D86F85C3538E6E0CE55 /* Pods-ImageSearcher-ReactorKit.debug.xcconfig */,
				DED5424C6B1A5A4A29968A6F /* Pods-ImageSearcher-ReactorKit.release.xcconfig */,
			);
			path = Pods;
			sourceTree = "<group>";
		};
		C3001D932959619900979875 /* ImageSearcher-ReactorKitTests */ = {
			isa = PBXGroup;
			children = (
				C3001D942959619900979875 /* ImageSearcher_ReactorKitTests.swift */,
			);
			path = "ImageSearcher-ReactorKitTests";
			sourceTree = "<group>";
		};
		C33B4AF829498F0400E35C6F = {
			isa = PBXGroup;
			children = (
				C33B4B0329498F0400E35C6F /* ImageSearcher-ReactorKit */,
				C3001D932959619900979875 /* ImageSearcher-ReactorKitTests */,
				C33B4B0229498F0400E35C6F /* Products */,
				BD4E41A2E6B9B2C79E77060C /* Pods */,
				0A3B10D71DB0CE80E147E402 /* Frameworks */,
			);
			sourceTree = "<group>";
		};
		C33B4B0229498F0400E35C6F /* Products */ = {
			isa = PBXGroup;
			children = (
				C33B4B0129498F0400E35C6F /* ImageSearcher-ReactorKit.app */,
				C3001D922959619900979875 /* ImageSearcher-ReactorKitTests.xctest */,
			);
			name = Products;
			sourceTree = "<group>";
		};
		C33B4B0329498F0400E35C6F /* ImageSearcher-ReactorKit */ = {
			isa = PBXGroup;
			children = (
				C33C2CE32951A8E7004634F3 /* Coordinator */,
				C33B4B1C294990ED00E35C6F /* Commons */,
				C33B4B1B294990E700E35C6F /* Model */,
				C33B4B1A294990E500E35C6F /* Network */,
				C33B4B19294990CC00E35C6F /* Presentations */,
				C33B4B18294990B700E35C6F /* Supporting Files */,
				C33B4B1229498F0600E35C6F /* Info.plist */,
			);
			path = "ImageSearcher-ReactorKit";
			sourceTree = "<group>";
		};
		C33B4B18294990B700E35C6F /* Supporting Files */ = {
			isa = PBXGroup;
			children = (
				C33B4B0429498F0400E35C6F /* AppDelegate.swift */,
				C33B4B0629498F0400E35C6F /* SceneDelegate.swift */,
				C33B4B0D29498F0600E35C6F /* Assets.xcassets */,
				C33B4B0F29498F0600E35C6F /* LaunchScreen.storyboard */,
			);
			path = "Supporting Files";
			sourceTree = "<group>";
		};
		C33B4B19294990CC00E35C6F /* Presentations */ = {
			isa = PBXGroup;
			children = (
				C33B4B3E294B10AA00E35C6F /* Detail */,
				C33B4B202949917100E35C6F /* Item */,
				C33B4B1F2949916F00E35C6F /* Induce */,
				C33B4B1E2949916E00E35C6F /* RelatedQuery */,
			);
			path = Presentations;
			sourceTree = "<group>";
		};
		C33B4B1A294990E500E35C6F /* Network */ = {
			isa = PBXGroup;
			children = (
				C33B4B27294999DA00E35C6F /* APIService.swift */,
			);
			path = Network;
			sourceTree = "<group>";
		};
		C33B4B1B294990E700E35C6F /* Model */ = {
			isa = PBXGroup;
			children = (
				C33B4B2929499B4B00E35C6F /* Giphy.swift */,
			);
			path = Model;
			sourceTree = "<group>";
		};
		C33B4B1C294990ED00E35C6F /* Commons */ = {
			isa = PBXGroup;
			children = (
				C33B4B2F294AAC0B00E35C6F /* Extension+ */,
			);
			path = Commons;
			sourceTree = "<group>";
		};
		C33B4B1E2949916E00E35C6F /* RelatedQuery */ = {
			isa = PBXGroup;
			children = (
				C33B4B36294AAD1200E35C6F /* Cell */,
				C33B4B32294AAC3700E35C6F /* RelatedQueryViewController.swift */,
				C33B4B34294AAC8E00E35C6F /* RelatedQueryView.swift */,
				C33B4B39294AB0BA00E35C6F /* RelatedQueryReactor.swift */,
			);
			path = RelatedQuery;
			sourceTree = "<group>";
		};
		C33B4B1F2949916F00E35C6F /* Induce */ = {
			isa = PBXGroup;
			children = (
				C33B4B2B294AAB9100E35C6F /* InduceView.swift */,
				C33B4B2D294AABD800E35C6F /* InduceViewController.swift */,
				C34E7825295298070008CD63 /* InduceViewReactor.swift */,
			);
			path = Induce;
			sourceTree = "<group>";
		};
		C33B4B202949917100E35C6F /* Item */ = {
			isa = PBXGroup;
			children = (
				C33B4B3B294AFDE200E35C6F /* Cell */,
				C33B4B212949938C00E35C6F /* ItemViewReactor.swift */,
				C33B4B232949942500E35C6F /* ItemView.swift */,
				C33B4B252949942D00E35C6F /* ItemViewController.swift */,
			);
			path = Item;
			sourceTree = "<group>";
		};
		C33B4B2F294AAC0B00E35C6F /* Extension+ */ = {
			isa = PBXGroup;
			children = (
				C33B4B30294AAC1700E35C6F /* Extension+.swift */,
			);
			path = "Extension+";
			sourceTree = "<group>";
		};
		C33B4B36294AAD1200E35C6F /* Cell */ = {
			isa = PBXGroup;
			children = (
				C33B4B37294AAD1E00E35C6F /* RelatedQueryCell.swift */,
			);
			path = Cell;
			sourceTree = "<group>";
		};
		C33B4B3B294AFDE200E35C6F /* Cell */ = {
			isa = PBXGroup;
			children = (
				C33B4B3C294AFE0400E35C6F /* ItemCell.swift */,
			);
			path = Cell;
			sourceTree = "<group>";
		};
		C33B4B3E294B10AA00E35C6F /* Detail */ = {
			isa = PBXGroup;
			children = (
				C3BEAAA42950467F00C351F2 /* DetailViewReactor.swift */,
				C3BEAAA22950467700C351F2 /* DetailView.swift */,
				C3BEAAA02950466C00C351F2 /* DetailViewController.swift */,
			);
			path = Detail;
			sourceTree = "<group>";
		};
		C33C2CE32951A8E7004634F3 /* Coordinator */ = {
			isa = PBXGroup;
			children = (
				C34E781B2951B7870008CD63 /* Stepper */,
				C33C2CE62951B371004634F3 /* Step */,
				C33C2CE72951B376004634F3 /* Flow */,
			);
			path = Coordinator;
			sourceTree = "<group>";
		};
		C33C2CE62951B371004634F3 /* Step */ = {
			isa = PBXGroup;
			children = (
				C33C2CE82951B39D004634F3 /* AppStep.swift */,
			);
			path = Step;
			sourceTree = "<group>";
		};
		C33C2CE72951B376004634F3 /* Flow */ = {
			isa = PBXGroup;
			children = (
				C34E781E2951B8560008CD63 /* AppFlow.swift */,
				C34E7820295294FD0008CD63 /* Flows */,
			);
			path = Flow;
			sourceTree = "<group>";
		};
		C34E781B2951B7870008CD63 /* Stepper */ = {
			isa = PBXGroup;
			children = (
				C34E781C2951B78F0008CD63 /* AppStepper.swift */,
			);
			path = Stepper;
			sourceTree = "<group>";
		};
		C34E7820295294FD0008CD63 /* Flows */ = {
			isa = PBXGroup;
			children = (
				C34E782B295420CE0008CD63 /* Detail */,
				C34E782A295420C20008CD63 /* Item */,
				C34E78272952D2450008CD63 /* RelatedQuery */,
				C34E7822295295220008CD63 /* Induce */,
			);
			path = Flows;
			sourceTree = "<group>";
		};
		C34E7822295295220008CD63 /* Induce */ = {
			isa = PBXGroup;
			children = (
				C34E7823295295320008CD63 /* InduceFlow.swift */,
			);
			path = Induce;
			sourceTree = "<group>";
		};
		C34E78272952D2450008CD63 /* RelatedQuery */ = {
			isa = PBXGroup;
			children = (
				C34E78282952D2630008CD63 /* RelatedQueryFlow.swift */,
			);
			path = RelatedQuery;
			sourceTree = "<group>";
		};
		C34E782A295420C20008CD63 /* Item */ = {
			isa = PBXGroup;
			children = (
				C34E782C295420D90008CD63 /* ItemFlow.swift */,
			);
			path = Item;
			sourceTree = "<group>";
		};
		C34E782B295420CE0008CD63 /* Detail */ = {
			isa = PBXGroup;
			children = (
			);
			path = Detail;
			sourceTree = "<group>";
		};
/* End PBXGroup section */

/* Begin PBXNativeTarget section */
		C3001D912959619900979875 /* ImageSearcher-ReactorKitTests */ = {
			isa = PBXNativeTarget;
			buildConfigurationList = C3001D982959619900979875 /* Build configuration list for PBXNativeTarget "ImageSearcher-ReactorKitTests" */;
			buildPhases = (
				C3001D8E2959619900979875 /* Sources */,
				C3001D8F2959619900979875 /* Frameworks */,
				C3001D902959619900979875 /* Resources */,
			);
			buildRules = (
			);
			dependencies = (
				C3001D972959619900979875 /* PBXTargetDependency */,
			);
			name = "ImageSearcher-ReactorKitTests";
			productName = "ImageSearcher-ReactorKitTests";
			productReference = C3001D922959619900979875 /* ImageSearcher-ReactorKitTests.xctest */;
			productType = "com.apple.product-type.bundle.unit-test";
		};
		C33B4B0029498F0400E35C6F /* ImageSearcher-ReactorKit */ = {
			isa = PBXNativeTarget;
			buildConfigurationList = C33B4B1529498F0600E35C6F /* Build configuration list for PBXNativeTarget "ImageSearcher-ReactorKit" */;
			buildPhases = (
				205F3F893094CAC1EE5819B3 /* [CP] Check Pods Manifest.lock */,
				C33B4AFD29498F0400E35C6F /* Sources */,
				C33B4AFE29498F0400E35C6F /* Frameworks */,
				C33B4AFF29498F0400E35C6F /* Resources */,
				E6708940EB2FF123594DABB8 /* [CP] Embed Pods Frameworks */,
			);
			buildRules = (
			);
			dependencies = (
			);
			name = "ImageSearcher-ReactorKit";
			productName = "ImageSearcher-ReactorKit";
			productReference = C33B4B0129498F0400E35C6F /* ImageSearcher-ReactorKit.app */;
			productType = "com.apple.product-type.application";
		};
/* End PBXNativeTarget section */

/* Begin PBXProject section */
		C33B4AF929498F0400E35C6F /* Project object */ = {
			isa = PBXProject;
			attributes = {
				BuildIndependentTargetsInParallel = 1;
				LastSwiftUpdateCheck = 1420;
				LastUpgradeCheck = 1400;
				TargetAttributes = {
					C3001D912959619900979875 = {
						CreatedOnToolsVersion = 14.2;
						TestTargetID = C33B4B0029498F0400E35C6F;
					};
					C33B4B0029498F0400E35C6F = {
						CreatedOnToolsVersion = 14.0.1;
					};
				};
			};
			buildConfigurationList = C33B4AFC29498F0400E35C6F /* Build configuration list for PBXProject "ImageSearcher-ReactorKit" */;
			compatibilityVersion = "Xcode 14.0";
			developmentRegion = en;
			hasScannedForEncodings = 0;
			knownRegions = (
				en,
				Base,
			);
			mainGroup = C33B4AF829498F0400E35C6F;
			productRefGroup = C33B4B0229498F0400E35C6F /* Products */;
			projectDirPath = "";
			projectRoot = "";
			targets = (
				C33B4B0029498F0400E35C6F /* ImageSearcher-ReactorKit */,
				C3001D912959619900979875 /* ImageSearcher-ReactorKitTests */,
			);
		};
/* End PBXProject section */

/* Begin PBXResourcesBuildPhase section */
		C3001D902959619900979875 /* Resources */ = {
			isa = PBXResourcesBuildPhase;
			buildActionMask = 2147483647;
			files = (
			);
			runOnlyForDeploymentPostprocessing = 0;
		};
		C33B4AFF29498F0400E35C6F /* Resources */ = {
			isa = PBXResourcesBuildPhase;
			buildActionMask = 2147483647;
			files = (
				C33B4B1129498F0600E35C6F /* LaunchScreen.storyboard in Resources */,
				C33B4B0E29498F0600E35C6F /* Assets.xcassets in Resources */,
			);
			runOnlyForDeploymentPostprocessing = 0;
		};
/* End PBXResourcesBuildPhase section */

/* Begin PBXShellScriptBuildPhase section */
		205F3F893094CAC1EE5819B3 /* [CP] Check Pods Manifest.lock */ = {
			isa = PBXShellScriptBuildPhase;
			buildActionMask = 2147483647;
			files = (
			);
			inputFileListPaths = (
			);
			inputPaths = (
				"${PODS_PODFILE_DIR_PATH}/Podfile.lock",
				"${PODS_ROOT}/Manifest.lock",
			);
			name = "[CP] Check Pods Manifest.lock";
			outputFileListPaths = (
			);
			outputPaths = (
				"$(DERIVED_FILE_DIR)/Pods-ImageSearcher-ReactorKit-checkManifestLockResult.txt",
			);
			runOnlyForDeploymentPostprocessing = 0;
			shellPath = /bin/sh;
			shellScript = "diff \"${PODS_PODFILE_DIR_PATH}/Podfile.lock\" \"${PODS_ROOT}/Manifest.lock\" > /dev/null\nif [ $? != 0 ] ; then\n    # print error to STDERR\n    echo \"error: The sandbox is not in sync with the Podfile.lock. Run 'pod install' or update your CocoaPods installation.\" >&2\n    exit 1\nfi\n# This output is used by Xcode 'outputs' to avoid re-running this script phase.\necho \"SUCCESS\" > \"${SCRIPT_OUTPUT_FILE_0}\"\n";
			showEnvVarsInLog = 0;
		};
		E6708940EB2FF123594DABB8 /* [CP] Embed Pods Frameworks */ = {
			isa = PBXShellScriptBuildPhase;
			buildActionMask = 2147483647;
			files = (
			);
			inputFileListPaths = (
				"${PODS_ROOT}/Target Support Files/Pods-ImageSearcher-ReactorKit/Pods-ImageSearcher-ReactorKit-frameworks-${CONFIGURATION}-input-files.xcfilelist",
			);
			name = "[CP] Embed Pods Frameworks";
			outputFileListPaths = (
				"${PODS_ROOT}/Target Support Files/Pods-ImageSearcher-ReactorKit/Pods-ImageSearcher-ReactorKit-frameworks-${CONFIGURATION}-output-files.xcfilelist",
			);
			runOnlyForDeploymentPostprocessing = 0;
			shellPath = /bin/sh;
			shellScript = "\"${PODS_ROOT}/Target Support Files/Pods-ImageSearcher-ReactorKit/Pods-ImageSearcher-ReactorKit-frameworks.sh\"\n";
			showEnvVarsInLog = 0;
		};
/* End PBXShellScriptBuildPhase section */

/* Begin PBXSourcesBuildPhase section */
		C3001D8E2959619900979875 /* Sources */ = {
			isa = PBXSourcesBuildPhase;
			buildActionMask = 2147483647;
			files = (
				C3001D952959619900979875 /* ImageSearcher_ReactorKitTests.swift in Sources */,
			);
			runOnlyForDeploymentPostprocessing = 0;
		};
		C33B4AFD29498F0400E35C6F /* Sources */ = {
			isa = PBXSourcesBuildPhase;
			buildActionMask = 2147483647;
			files = (
				C33B4B262949942D00E35C6F /* ItemViewController.swift in Sources */,
				C33B4B31294AAC1700E35C6F /* Extension+.swift in Sources */,
				C3BEAAA32950467700C351F2 /* DetailView.swift in Sources */,
				C34E7826295298070008CD63 /* InduceViewReactor.swift in Sources */,
				C33B4B0529498F0400E35C6F /* AppDelegate.swift in Sources */,
				C33B4B33294AAC3700E35C6F /* RelatedQueryViewController.swift in Sources */,
				C34E7824295295320008CD63 /* InduceFlow.swift in Sources */,
				C33C2CE92951B39D004634F3 /* AppStep.swift in Sources */,
				C34E78292952D2630008CD63 /* RelatedQueryFlow.swift in Sources */,
				C33B4B2E294AABD800E35C6F /* InduceViewController.swift in Sources */,
				C34E781F2951B8560008CD63 /* AppFlow.swift in Sources */,
				C34E781D2951B78F0008CD63 /* AppStepper.swift in Sources */,
				C33B4B2C294AAB9100E35C6F /* InduceView.swift in Sources */,
				C33B4B2A29499B4B00E35C6F /* Giphy.swift in Sources */,
				C3BEAAA12950466C00C351F2 /* DetailViewController.swift in Sources */,
				C33B4B242949942500E35C6F /* ItemView.swift in Sources */,
				C33B4B38294AAD1E00E35C6F /* RelatedQueryCell.swift in Sources */,
				C33B4B3A294AB0BA00E35C6F /* RelatedQueryReactor.swift in Sources */,
				C33B4B0729498F0400E35C6F /* SceneDelegate.swift in Sources */,
				C33B4B28294999DA00E35C6F /* APIService.swift in Sources */,
				C33B4B222949938C00E35C6F /* ItemViewReactor.swift in Sources */,
				C34E782D295420D90008CD63 /* ItemFlow.swift in Sources */,
				C33B4B35294AAC8E00E35C6F /* RelatedQueryView.swift in Sources */,
				C3BEAAA52950467F00C351F2 /* DetailViewReactor.swift in Sources */,
				C33B4B3D294AFE0400E35C6F /* ItemCell.swift in Sources */,
			);
			runOnlyForDeploymentPostprocessing = 0;
		};
/* End PBXSourcesBuildPhase section */

/* Begin PBXTargetDependency section */
		C3001D972959619900979875 /* PBXTargetDependency */ = {
			isa = PBXTargetDependency;
			target = C33B4B0029498F0400E35C6F /* ImageSearcher-ReactorKit */;
			targetProxy = C3001D962959619900979875 /* PBXContainerItemProxy */;
		};
/* End PBXTargetDependency section */

/* Begin PBXVariantGroup section */
		C33B4B0F29498F0600E35C6F /* LaunchScreen.storyboard */ = {
			isa = PBXVariantGroup;
			children = (
				C33B4B1029498F0600E35C6F /* Base */,
			);
			name = LaunchScreen.storyboard;
			sourceTree = "<group>";
		};
/* End PBXVariantGroup section */

/* Begin XCBuildConfiguration section */
		C3001D992959619900979875 /* Debug */ = {
			isa = XCBuildConfiguration;
			buildSettings = {
				BUNDLE_LOADER = "$(TEST_HOST)";
				CODE_SIGN_STYLE = Automatic;
				CURRENT_PROJECT_VERSION = 1;
				DEVELOPMENT_TEAM = LFRY7BQTRY;
				GENERATE_INFOPLIST_FILE = YES;
				IPHONEOS_DEPLOYMENT_TARGET = 16.2;
				MACOSX_DEPLOYMENT_TARGET = 12.6;
				MARKETING_VERSION = 1.0;
				PRODUCT_BUNDLE_IDENTIFIER = "Pineone.ImageSearcher-ReactorKitTests";
				PRODUCT_NAME = "$(TARGET_NAME)";
				SDKROOT = auto;
				SUPPORTED_PLATFORMS = "iphoneos iphonesimulator macosx";
				SWIFT_EMIT_LOC_STRINGS = NO;
				SWIFT_VERSION = 5.0;
				TARGETED_DEVICE_FAMILY = "1,2";
				TEST_HOST = "$(BUILT_PRODUCTS_DIR)/ImageSearcher-ReactorKit.app/$(BUNDLE_EXECUTABLE_FOLDER_PATH)/ImageSearcher-ReactorKit";
			};
			name = Debug;
		};
		C3001D9A2959619900979875 /* Release */ = {
			isa = XCBuildConfiguration;
			buildSettings = {
				BUNDLE_LOADER = "$(TEST_HOST)";
				CODE_SIGN_STYLE = Automatic;
				CURRENT_PROJECT_VERSION = 1;
				DEVELOPMENT_TEAM = LFRY7BQTRY;
				GENERATE_INFOPLIST_FILE = YES;
				IPHONEOS_DEPLOYMENT_TARGET = 16.2;
				MACOSX_DEPLOYMENT_TARGET = 12.6;
				MARKETING_VERSION = 1.0;
				PRODUCT_BUNDLE_IDENTIFIER = "Pineone.ImageSearcher-ReactorKitTests";
				PRODUCT_NAME = "$(TARGET_NAME)";
				SDKROOT = auto;
				SUPPORTED_PLATFORMS = "iphoneos iphonesimulator macosx";
				SWIFT_EMIT_LOC_STRINGS = NO;
				SWIFT_VERSION = 5.0;
				TARGETED_DEVICE_FAMILY = "1,2";
				TEST_HOST = "$(BUILT_PRODUCTS_DIR)/ImageSearcher-ReactorKit.app/$(BUNDLE_EXECUTABLE_FOLDER_PATH)/ImageSearcher-ReactorKit";
			};
			name = Release;
		};
		C33B4B1329498F0600E35C6F /* Debug */ = {
			isa = XCBuildConfiguration;
			buildSettings = {
				ALWAYS_SEARCH_USER_PATHS = NO;
				CLANG_ANALYZER_NONNULL = YES;
				CLANG_ANALYZER_NUMBER_OBJECT_CONVERSION = YES_AGGRESSIVE;
				CLANG_CXX_LANGUAGE_STANDARD = "gnu++20";
				CLANG_ENABLE_MODULES = YES;
				CLANG_ENABLE_OBJC_ARC = YES;
				CLANG_ENABLE_OBJC_WEAK = YES;
				CLANG_WARN_BLOCK_CAPTURE_AUTORELEASING = YES;
				CLANG_WARN_BOOL_CONVERSION = YES;
				CLANG_WARN_COMMA = YES;
				CLANG_WARN_CONSTANT_CONVERSION = YES;
				CLANG_WARN_DEPRECATED_OBJC_IMPLEMENTATIONS = YES;
				CLANG_WARN_DIRECT_OBJC_ISA_USAGE = YES_ERROR;
				CLANG_WARN_DOCUMENTATION_COMMENTS = YES;
				CLANG_WARN_EMPTY_BODY = YES;
				CLANG_WARN_ENUM_CONVERSION = YES;
				CLANG_WARN_INFINITE_RECURSION = YES;
				CLANG_WARN_INT_CONVERSION = YES;
				CLANG_WARN_NON_LITERAL_NULL_CONVERSION = YES;
				CLANG_WARN_OBJC_IMPLICIT_RETAIN_SELF = YES;
				CLANG_WARN_OBJC_LITERAL_CONVERSION = YES;
				CLANG_WARN_OBJC_ROOT_CLASS = YES_ERROR;
				CLANG_WARN_QUOTED_INCLUDE_IN_FRAMEWORK_HEADER = YES;
				CLANG_WARN_RANGE_LOOP_ANALYSIS = YES;
				CLANG_WARN_STRICT_PROTOTYPES = YES;
				CLANG_WARN_SUSPICIOUS_MOVE = YES;
				CLANG_WARN_UNGUARDED_AVAILABILITY = YES_AGGRESSIVE;
				CLANG_WARN_UNREACHABLE_CODE = YES;
				CLANG_WARN__DUPLICATE_METHOD_MATCH = YES;
				COPY_PHASE_STRIP = NO;
				DEBUG_INFORMATION_FORMAT = dwarf;
				ENABLE_STRICT_OBJC_MSGSEND = YES;
				ENABLE_TESTABILITY = YES;
				GCC_C_LANGUAGE_STANDARD = gnu11;
				GCC_DYNAMIC_NO_PIC = NO;
				GCC_NO_COMMON_BLOCKS = YES;
				GCC_OPTIMIZATION_LEVEL = 0;
				GCC_PREPROCESSOR_DEFINITIONS = (
					"DEBUG=1",
					"$(inherited)",
				);
				GCC_WARN_64_TO_32_BIT_CONVERSION = YES;
				GCC_WARN_ABOUT_RETURN_TYPE = YES_ERROR;
				GCC_WARN_UNDECLARED_SELECTOR = YES;
				GCC_WARN_UNINITIALIZED_AUTOS = YES_AGGRESSIVE;
				GCC_WARN_UNUSED_FUNCTION = YES;
				GCC_WARN_UNUSED_VARIABLE = YES;
				INFOPLIST_KEY_UIMainStoryboardFile = "";
				IPHONEOS_DEPLOYMENT_TARGET = 15.0;
				MTL_ENABLE_DEBUG_INFO = INCLUDE_SOURCE;
				MTL_FAST_MATH = YES;
				ONLY_ACTIVE_ARCH = YES;
				SDKROOT = iphoneos;
				SWIFT_ACTIVE_COMPILATION_CONDITIONS = DEBUG;
				SWIFT_OPTIMIZATION_LEVEL = "-Onone";
			};
			name = Debug;
		};
		C33B4B1429498F0600E35C6F /* Release */ = {
			isa = XCBuildConfiguration;
			buildSettings = {
				ALWAYS_SEARCH_USER_PATHS = NO;
				CLANG_ANALYZER_NONNULL = YES;
				CLANG_ANALYZER_NUMBER_OBJECT_CONVERSION = YES_AGGRESSIVE;
				CLANG_CXX_LANGUAGE_STANDARD = "gnu++20";
				CLANG_ENABLE_MODULES = YES;
				CLANG_ENABLE_OBJC_ARC = YES;
				CLANG_ENABLE_OBJC_WEAK = YES;
				CLANG_WARN_BLOCK_CAPTURE_AUTORELEASING = YES;
				CLANG_WARN_BOOL_CONVERSION = YES;
				CLANG_WARN_COMMA = YES;
				CLANG_WARN_CONSTANT_CONVERSION = YES;
				CLANG_WARN_DEPRECATED_OBJC_IMPLEMENTATIONS = YES;
				CLANG_WARN_DIRECT_OBJC_ISA_USAGE = YES_ERROR;
				CLANG_WARN_DOCUMENTATION_COMMENTS = YES;
				CLANG_WARN_EMPTY_BODY = YES;
				CLANG_WARN_ENUM_CONVERSION = YES;
				CLANG_WARN_INFINITE_RECURSION = YES;
				CLANG_WARN_INT_CONVERSION = YES;
				CLANG_WARN_NON_LITERAL_NULL_CONVERSION = YES;
				CLANG_WARN_OBJC_IMPLICIT_RETAIN_SELF = YES;
				CLANG_WARN_OBJC_LITERAL_CONVERSION = YES;
				CLANG_WARN_OBJC_ROOT_CLASS = YES_ERROR;
				CLANG_WARN_QUOTED_INCLUDE_IN_FRAMEWORK_HEADER = YES;
				CLANG_WARN_RANGE_LOOP_ANALYSIS = YES;
				CLANG_WARN_STRICT_PROTOTYPES = YES;
				CLANG_WARN_SUSPICIOUS_MOVE = YES;
				CLANG_WARN_UNGUARDED_AVAILABILITY = YES_AGGRESSIVE;
				CLANG_WARN_UNREACHABLE_CODE = YES;
				CLANG_WARN__DUPLICATE_METHOD_MATCH = YES;
				COPY_PHASE_STRIP = NO;
				DEBUG_INFORMATION_FORMAT = "dwarf-with-dsym";
				ENABLE_NS_ASSERTIONS = NO;
				ENABLE_STRICT_OBJC_MSGSEND = YES;
				GCC_C_LANGUAGE_STANDARD = gnu11;
				GCC_NO_COMMON_BLOCKS = YES;
				GCC_WARN_64_TO_32_BIT_CONVERSION = YES;
				GCC_WARN_ABOUT_RETURN_TYPE = YES_ERROR;
				GCC_WARN_UNDECLARED_SELECTOR = YES;
				GCC_WARN_UNINITIALIZED_AUTOS = YES_AGGRESSIVE;
				GCC_WARN_UNUSED_FUNCTION = YES;
				GCC_WARN_UNUSED_VARIABLE = YES;
				INFOPLIST_KEY_UIMainStoryboardFile = "";
				IPHONEOS_DEPLOYMENT_TARGET = 15.0;
				MTL_ENABLE_DEBUG_INFO = NO;
				MTL_FAST_MATH = YES;
				SDKROOT = iphoneos;
				SWIFT_COMPILATION_MODE = wholemodule;
				SWIFT_OPTIMIZATION_LEVEL = "-O";
				VALIDATE_PRODUCT = YES;
			};
			name = Release;
		};
		C33B4B1629498F0600E35C6F /* Debug */ = {
			isa = XCBuildConfiguration;
			baseConfigurationReference = CC5D2D86F85C3538E6E0CE55 /* Pods-ImageSearcher-ReactorKit.debug.xcconfig */;
			buildSettings = {
				ASSETCATALOG_COMPILER_APPICON_NAME = AppIcon;
				ASSETCATALOG_COMPILER_GLOBAL_ACCENT_COLOR_NAME = AccentColor;
				CODE_SIGN_STYLE = Automatic;
				CURRENT_PROJECT_VERSION = 1;
				DEVELOPMENT_TEAM = LFRY7BQTRY;
				ENABLE_TESTING_SEARCH_PATHS = YES;
				GENERATE_INFOPLIST_FILE = YES;
				INFOPLIST_FILE = "ImageSearcher-ReactorKit/Info.plist";
				INFOPLIST_KEY_UIApplicationSupportsIndirectInputEvents = YES;
				INFOPLIST_KEY_UILaunchStoryboardName = LaunchScreen;
				INFOPLIST_KEY_UIMainStoryboardFile = "";
				INFOPLIST_KEY_UISupportedInterfaceOrientations_iPad = "UIInterfaceOrientationPortrait UIInterfaceOrientationPortraitUpsideDown UIInterfaceOrientationLandscapeLeft UIInterfaceOrientationLandscapeRight";
				INFOPLIST_KEY_UISupportedInterfaceOrientations_iPhone = "UIInterfaceOrientationPortrait UIInterfaceOrientationLandscapeLeft UIInterfaceOrientationLandscapeRight";
				IPHONEOS_DEPLOYMENT_TARGET = 15.0;
				LD_RUNPATH_SEARCH_PATHS = (
					"$(inherited)",
					"@executable_path/Frameworks",
				);
				MARKETING_VERSION = 1.0;
				PRODUCT_BUNDLE_IDENTIFIER = "Pineone.ImageSearcher-ReactorKit";
				PRODUCT_NAME = "$(TARGET_NAME)";
				SWIFT_EMIT_LOC_STRINGS = YES;
				SWIFT_VERSION = 5.0;
				TARGETED_DEVICE_FAMILY = "1,2";
			};
			name = Debug;
		};
		C33B4B1729498F0600E35C6F /* Release */ = {
			isa = XCBuildConfiguration;
			baseConfigurationReference = DED5424C6B1A5A4A29968A6F /* Pods-ImageSearcher-ReactorKit.release.xcconfig */;
			buildSettings = {
				ASSETCATALOG_COMPILER_APPICON_NAME = AppIcon;
				ASSETCATALOG_COMPILER_GLOBAL_ACCENT_COLOR_NAME = AccentColor;
				CODE_SIGN_STYLE = Automatic;
				CURRENT_PROJECT_VERSION = 1;
				DEVELOPMENT_TEAM = LFRY7BQTRY;
				ENABLE_TESTING_SEARCH_PATHS = YES;
				GENERATE_INFOPLIST_FILE = YES;
				INFOPLIST_FILE = "ImageSearcher-ReactorKit/Info.plist";
				INFOPLIST_KEY_UIApplicationSupportsIndirectInputEvents = YES;
				INFOPLIST_KEY_UILaunchStoryboardName = LaunchScreen;
				INFOPLIST_KEY_UIMainStoryboardFile = "";
				INFOPLIST_KEY_UISupportedInterfaceOrientations_iPad = "UIInterfaceOrientationPortrait UIInterfaceOrientationPortraitUpsideDown UIInterfaceOrientationLandscapeLeft UIInterfaceOrientationLandscapeRight";
				INFOPLIST_KEY_UISupportedInterfaceOrientations_iPhone = "UIInterfaceOrientationPortrait UIInterfaceOrientationLandscapeLeft UIInterfaceOrientationLandscapeRight";
				IPHONEOS_DEPLOYMENT_TARGET = 15.0;
				LD_RUNPATH_SEARCH_PATHS = (
					"$(inherited)",
					"@executable_path/Frameworks",
				);
				MARKETING_VERSION = 1.0;
				PRODUCT_BUNDLE_IDENTIFIER = "Pineone.ImageSearcher-ReactorKit";
				PRODUCT_NAME = "$(TARGET_NAME)";
				SWIFT_EMIT_LOC_STRINGS = YES;
				SWIFT_VERSION = 5.0;
				TARGETED_DEVICE_FAMILY = "1,2";
			};
			name = Release;
		};
/* End XCBuildConfiguration section */

/* Begin XCConfigurationList section */
		C3001D982959619900979875 /* Build configuration list for PBXNativeTarget "ImageSearcher-ReactorKitTests" */ = {
			isa = XCConfigurationList;
			buildConfigurations = (
				C3001D992959619900979875 /* Debug */,
				C3001D9A2959619900979875 /* Release */,
			);
			defaultConfigurationIsVisible = 0;
			defaultConfigurationName = Release;
		};
		C33B4AFC29498F0400E35C6F /* Build configuration list for PBXProject "ImageSearcher-ReactorKit" */ = {
			isa = XCConfigurationList;
			buildConfigurations = (
				C33B4B1329498F0600E35C6F /* Debug */,
				C33B4B1429498F0600E35C6F /* Release */,
			);
			defaultConfigurationIsVisible = 0;
			defaultConfigurationName = Release;
		};
		C33B4B1529498F0600E35C6F /* Build configuration list for PBXNativeTarget "ImageSearcher-ReactorKit" */ = {
			isa = XCConfigurationList;
			buildConfigurations = (
				C33B4B1629498F0600E35C6F /* Debug */,
				C33B4B1729498F0600E35C6F /* Release */,
			);
			defaultConfigurationIsVisible = 0;
			defaultConfigurationName = Release;
		};
/* End XCConfigurationList section */
	};
	rootObject = C33B4AF929498F0400E35C6F /* Project object */;
}
